
Microsoft Visual Studio Solution File, Format Version 12.00
# Visual Studio Version 17
VisualStudioVersion = 17.7.34009.444
MinimumVisualStudioVersion = 10.0.40219.1
Project("{FAE04EC0-301F-11D3-BF4B-00C04F79EFBC}") = "AddtoCart", "WebApplication1\AddtoCart.csproj", "{239F8BBE-3B73-4F16-9628-5B888241C987}"
EndProject
Global
	GlobalSection(SolutionConfigurationPlatforms) = preSolution
		Debug|Any CPU = Debug|Any CPU
		Release|Any CPU = Release|Any CPU
	EndGlobalSection
	GlobalSection(ProjectConfigurationPlatforms) = postSolution
		{239F8BBE-3B73-4F16-9628-5B888241C987}.Debug|Any CPU.ActiveCfg = Debug|Any CPU
		{239F8BBE-3B73-4F16-9628-5B888241C987}.Debug|Any CPU.Build.0 = Debug|Any CPU
		{239F8BBE-3B73-4F16-9628-5B888241C987}.Release|Any CPU.ActiveCfg = Release|Any CPU
		{239F8BBE-3B73-4F16-9628-5B888241C987}.Release|Any CPU.Build.0 = Release|Any CPU
	EndGlobalSection
	GlobalSection(SolutionProperties) = preSolution
		HideSolutionNode = FALSE
	EndGlobalSection
	GlobalSection(ExtensibilityGlobals) = postSolution
		SolutionGuid = {1310DF20-858B-47FC-A714-72AF65588AFD}
	EndGlobalSection
EndGlobal
